// !$*UTF8*$!
{
	archiveVersion = 1;
	classes = {
	};
	objectVersion = 46;
	objects = {

/* Begin PBXBuildFile section */
		F8429F17191F0B410079D2B3 /* LogSystem.cpp in Sources */ = {isa = PBXBuildFile; fileRef = F8429F15191F0B410079D2B3 /* LogSystem.cpp */; };
		F8429F44191F0BEC0079D2B3 /* CHANGES.TXT in Resources */ = {isa = PBXBuildFile; fileRef = F8429F3E191F0BEC0079D2B3 /* CHANGES.TXT */; };
		F8429F45191F0BEC0079D2B3 /* graph.cpp in Sources */ = {isa = PBXBuildFile; fileRef = F8429F3F191F0BEC0079D2B3 /* graph.cpp */; };
		F8429F46191F0BEC0079D2B3 /* instances.inc in Sources */ = {isa = PBXBuildFile; fileRef = F8429F41191F0BEC0079D2B3 /* instances.inc */; };
		F8429F47191F0BEC0079D2B3 /* maxflow.cpp in Sources */ = {isa = PBXBuildFile; fileRef = F8429F42191F0BEC0079D2B3 /* maxflow.cpp */; };
		F8429F48191F0BEC0079D2B3 /* README.TXT in Resources */ = {isa = PBXBuildFile; fileRef = F8429F43191F0BEC0079D2B3 /* README.TXT */; };
		F8475421191F49FF00784E1D /* flann_cpp.cpp in Sources */ = {isa = PBXBuildFile; fileRef = F847541D191F49FF00784E1D /* flann_cpp.cpp */; };
		F8475422191F49FF00784E1D /* flann.cpp in Sources */ = {isa = PBXBuildFile; fileRef = F847541E191F49FF00784E1D /* flann.cpp */; };
		F87040E21931695A00F72A18 /* BasicImageProcess.cpp in Sources */ = {isa = PBXBuildFile; fileRef = F87040DC1931695A00F72A18 /* BasicImageProcess.cpp */; };
		F87040E31931695A00F72A18 /* Face2DObj.cpp in Sources */ = {isa = PBXBuildFile; fileRef = F87040DE1931695A00F72A18 /* Face2DObj.cpp */; };
		F87040E41931695A00F72A18 /* FaceFeaturePoints.cpp in Sources */ = {isa = PBXBuildFile; fileRef = F87040E01931695A00F72A18 /* FaceFeaturePoints.cpp */; };
		F870AC3E192CEDA60008AD0E /* MagicObject.cpp in Sources */ = {isa = PBXBuildFile; fileRef = F870AC3C192CEDA60008AD0E /* MagicObject.cpp */; };
		F870AC41192CEEE50008AD0E /* MagicObjectManager.cpp in Sources */ = {isa = PBXBuildFile; fileRef = F870AC3F192CEEE50008AD0E /* MagicObjectManager.cpp */; };
		F8805CAF191F678100FE9A15 /* HomoMatrix3.cpp in Sources */ = {isa = PBXBuildFile; fileRef = F8805CA5191F678100FE9A15 /* HomoMatrix3.cpp */; };
		F8805CB0191F678100FE9A15 /* HomoMatrix4.cpp in Sources */ = {isa = PBXBuildFile; fileRef = F8805CA7191F678100FE9A15 /* HomoMatrix4.cpp */; };
		F8805CB1191F678100FE9A15 /* HomoVector4.cpp in Sources */ = {isa = PBXBuildFile; fileRef = F8805CA9191F678100FE9A15 /* HomoVector4.cpp */; };
		F8805CB2191F678100FE9A15 /* Vector2.cpp in Sources */ = {isa = PBXBuildFile; fileRef = F8805CAB191F678100FE9A15 /* Vector2.cpp */; };
		F8805CB3191F678100FE9A15 /* Vector3.cpp in Sources */ = {isa = PBXBuildFile; fileRef = F8805CAD191F678100FE9A15 /* Vector3.cpp */; };
		F8805CBA191F680B00FE9A15 /* Clustering.cpp in Sources */ = {isa = PBXBuildFile; fileRef = F8805CB4191F680B00FE9A15 /* Clustering.cpp */; };
		F8805CBB191F680B00FE9A15 /* GaussianMixtureModel.cpp in Sources */ = {isa = PBXBuildFile; fileRef = F8805CB6191F680B00FE9A15 /* GaussianMixtureModel.cpp */; };
		F8805CBC191F680B00FE9A15 /* PrincipalComponentAnalysis.cpp in Sources */ = {isa = PBXBuildFile; fileRef = F8805CB8191F680B00FE9A15 /* PrincipalComponentAnalysis.cpp */; };
		F8805CC5191F684E00FE9A15 /* Deformation.cpp in Sources */ = {isa = PBXBuildFile; fileRef = F8805CBD191F684E00FE9A15 /* Deformation.cpp */; };
		F8805CC6191F684E00FE9A15 /* Retargetting.cpp in Sources */ = {isa = PBXBuildFile; fileRef = F8805CBF191F684E00FE9A15 /* Retargetting.cpp */; };
		F8805CC7191F684E00FE9A15 /* Saliency.cpp in Sources */ = {isa = PBXBuildFile; fileRef = F8805CC1191F684E00FE9A15 /* Saliency.cpp */; };
		F8805CC8191F684E00FE9A15 /* Segmentation.cpp in Sources */ = {isa = PBXBuildFile; fileRef = F8805CC3191F684E00FE9A15 /* Segmentation.cpp */; };
		F8805CCF191F68A300FE9A15 /* libopencv_calib3d.dylib in Frameworks */ = {isa = PBXBuildFile; fileRef = F8805CC9191F68A300FE9A15 /* libopencv_calib3d.dylib */; };
		F8805CD0191F68A300FE9A15 /* libopencv_core.dylib in Frameworks */ = {isa = PBXBuildFile; fileRef = F8805CCA191F68A300FE9A15 /* libopencv_core.dylib */; };
		F8805CD1191F68A300FE9A15 /* libopencv_flann.dylib in Frameworks */ = {isa = PBXBuildFile; fileRef = F8805CCB191F68A300FE9A15 /* libopencv_flann.dylib */; };
		F8805CD2191F68A300FE9A15 /* libopencv_highgui.dylib in Frameworks */ = {isa = PBXBuildFile; fileRef = F8805CCC191F68A300FE9A15 /* libopencv_highgui.dylib */; };
		F8805CD3191F68A300FE9A15 /* libopencv_imgproc.dylib in Frameworks */ = {isa = PBXBuildFile; fileRef = F8805CCD191F68A300FE9A15 /* libopencv_imgproc.dylib */; };
		F8805CD4191F68A300FE9A15 /* libopencv_video.dylib in Frameworks */ = {isa = PBXBuildFile; fileRef = F8805CCE191F68A300FE9A15 /* libopencv_video.dylib */; };
		F88401D11920F2020022FEEE /* AppBase.m in Sources */ = {isa = PBXBuildFile; fileRef = F88401CE1920F2020022FEEE /* AppBase.m */; };
		F88401D21920F2020022FEEE /* AppManager.m in Sources */ = {isa = PBXBuildFile; fileRef = F88401D01920F2020022FEEE /* AppManager.m */; };
		F88401D61920F2C90022FEEE /* Face2DApp.mm in Sources */ = {isa = PBXBuildFile; fileRef = F88401D51920F2C90022FEEE /* Face2DApp.mm */; };
		F88401D91920F3100022FEEE /* Face2DView.m in Sources */ = {isa = PBXBuildFile; fileRef = F88401D81920F3100022FEEE /* Face2DView.m */; };
		F88401DF1920F3900022FEEE /* Face2DController.m in Sources */ = {isa = PBXBuildFile; fileRef = F88401DE1920F3900022FEEE /* Face2DController.m */; };
		F891E13B191E703800FE7290 /* Cocoa.framework in Frameworks */ = {isa = PBXBuildFile; fileRef = F891E13A191E703800FE7290 /* Cocoa.framework */; };
		F891E145191E703800FE7290 /* InfoPlist.strings in Resources */ = {isa = PBXBuildFile; fileRef = F891E143191E703800FE7290 /* InfoPlist.strings */; };
		F891E147191E703800FE7290 /* main.m in Sources */ = {isa = PBXBuildFile; fileRef = F891E146191E703800FE7290 /* main.m */; };
		F891E14B191E703800FE7290 /* Credits.rtf in Resources */ = {isa = PBXBuildFile; fileRef = F891E149191E703800FE7290 /* Credits.rtf */; };
		F891E14E191E703800FE7290 /* AppDelegate.m in Sources */ = {isa = PBXBuildFile; fileRef = F891E14D191E703800FE7290 /* AppDelegate.m */; };
		F891E151191E703800FE7290 /* MainMenu.xib in Resources */ = {isa = PBXBuildFile; fileRef = F891E14F191E703800FE7290 /* MainMenu.xib */; };
		F891E153191E703800FE7290 /* Images.xcassets in Resources */ = {isa = PBXBuildFile; fileRef = F891E152191E703800FE7290 /* Images.xcassets */; };
		F891E15A191E703900FE7290 /* XCTest.framework in Frameworks */ = {isa = PBXBuildFile; fileRef = F891E159191E703900FE7290 /* XCTest.framework */; };
		F891E15B191E703900FE7290 /* Cocoa.framework in Frameworks */ = {isa = PBXBuildFile; fileRef = F891E13A191E703800FE7290 /* Cocoa.framework */; };
		F891E163191E703900FE7290 /* InfoPlist.strings in Resources */ = {isa = PBXBuildFile; fileRef = F891E161191E703900FE7290 /* InfoPlist.strings */; };
		F891E165191E703900FE7290 /* MagicFaceTests.m in Sources */ = {isa = PBXBuildFile; fileRef = F891E164191E703900FE7290 /* MagicFaceTests.m */; };
		F89329D2192A318B00E39243 /* LinearRegression.cpp in Sources */ = {isa = PBXBuildFile; fileRef = F89329D0192A318B00E39243 /* LinearRegression.cpp */; };
		F89329D6192A31D700E39243 /* Face2D.cpp in Sources */ = {isa = PBXBuildFile; fileRef = F89329D4192A31D700E39243 /* Face2D.cpp */; };
		F8B678EE192BAA9F00B93858 /* MainApp.m in Sources */ = {isa = PBXBuildFile; fileRef = F8B678ED192BAA9F00B93858 /* MainApp.m */; };
		F8FC9CB2192CC41700516071 /* FeatureDetection.cpp in Sources */ = {isa = PBXBuildFile; fileRef = F8FC9CB0192CC41700516071 /* FeatureDetection.cpp */; };
/* End PBXBuildFile section */

/* Begin PBXContainerItemProxy section */
		F891E15C191E703900FE7290 /* PBXContainerItemProxy */ = {
			isa = PBXContainerItemProxy;
			containerPortal = F891E12F191E703800FE7290 /* Project object */;
			proxyType = 1;
			remoteGlobalIDString = F891E136191E703800FE7290;
			remoteInfo = MagicFace;
		};
/* End PBXContainerItemProxy section */

/* Begin PBXFileReference section */
		F8429F15191F0B410079D2B3 /* LogSystem.cpp */ = {isa = PBXFileReference; fileEncoding = 4; lastKnownFileType = sourcecode.cpp.cpp; name = LogSystem.cpp; path = Src/Tool/LogSystem.cpp; sourceTree = "<group>"; };
		F8429F16191F0B410079D2B3 /* LogSystem.h */ = {isa = PBXFileReference; fileEncoding = 4; lastKnownFileType = sourcecode.c.h; name = LogSystem.h; path = Src/Tool/LogSystem.h; sourceTree = "<group>"; };
		F8429F3D191F0BEC0079D2B3 /* block.h */ = {isa = PBXFileReference; fileEncoding = 4; lastKnownFileType = sourcecode.c.h; name = block.h; path = Src/Dependence/GraphCut/block.h; sourceTree = "<group>"; };
		F8429F3E191F0BEC0079D2B3 /* CHANGES.TXT */ = {isa = PBXFileReference; fileEncoding = 4; lastKnownFileType = text; name = CHANGES.TXT; path = Src/Dependence/GraphCut/CHANGES.TXT; sourceTree = "<group>"; };
		F8429F3F191F0BEC0079D2B3 /* graph.cpp */ = {isa = PBXFileReference; fileEncoding = 4; lastKnownFileType = sourcecode.cpp.cpp; name = graph.cpp; path = Src/Dependence/GraphCut/graph.cpp; sourceTree = "<group>"; };
		F8429F40191F0BEC0079D2B3 /* graph.h */ = {isa = PBXFileReference; fileEncoding = 4; lastKnownFileType = sourcecode.c.h; name = graph.h; path = Src/Dependence/GraphCut/graph.h; sourceTree = "<group>"; };
		F8429F41191F0BEC0079D2B3 /* instances.inc */ = {isa = PBXFileReference; fileEncoding = 4; lastKnownFileType = sourcecode.pascal; name = instances.inc; path = Src/Dependence/GraphCut/instances.inc; sourceTree = "<group>"; };
		F8429F42191F0BEC0079D2B3 /* maxflow.cpp */ = {isa = PBXFileReference; fileEncoding = 4; lastKnownFileType = sourcecode.cpp.cpp; name = maxflow.cpp; path = Src/Dependence/GraphCut/maxflow.cpp; sourceTree = "<group>"; };
		F8429F43191F0BEC0079D2B3 /* README.TXT */ = {isa = PBXFileReference; fileEncoding = 4; lastKnownFileType = text; name = README.TXT; path = Src/Dependence/GraphCut/README.TXT; sourceTree = "<group>"; };
		F847541D191F49FF00784E1D /* flann_cpp.cpp */ = {isa = PBXFileReference; fileEncoding = 4; lastKnownFileType = sourcecode.cpp.cpp; name = flann_cpp.cpp; path = Src/Dependence/Flann1.8.4/flann/flann_cpp.cpp; sourceTree = "<group>"; };
		F847541E191F49FF00784E1D /* flann.cpp */ = {isa = PBXFileReference; fileEncoding = 4; lastKnownFileType = sourcecode.cpp.cpp; name = flann.cpp; path = Src/Dependence/Flann1.8.4/flann/flann.cpp; sourceTree = "<group>"; };
		F847541F191F49FF00784E1D /* flann.h */ = {isa = PBXFileReference; fileEncoding = 4; lastKnownFileType = sourcecode.c.h; name = flann.h; path = Src/Dependence/Flann1.8.4/flann/flann.h; sourceTree = "<group>"; };
		F8475420191F49FF00784E1D /* flann.hpp */ = {isa = PBXFileReference; fileEncoding = 4; lastKnownFileType = sourcecode.cpp.h; name = flann.hpp; path = Src/Dependence/Flann1.8.4/flann/flann.hpp; sourceTree = "<group>"; };
		F8475423191F4FF600784E1D /* libopencv_calib3d.dylib */ = {isa = PBXFileReference; lastKnownFileType = "compiled.mach-o.dylib"; name = libopencv_calib3d.dylib; path = MagicFace/Src/Dependence/OpenCV/lib/Debug/libopencv_calib3d.dylib; sourceTree = "<group>"; };
		F8475424191F4FF600784E1D /* libopencv_core.dylib */ = {isa = PBXFileReference; lastKnownFileType = "compiled.mach-o.dylib"; name = libopencv_core.dylib; path = MagicFace/Src/Dependence/OpenCV/lib/Debug/libopencv_core.dylib; sourceTree = "<group>"; };
		F8475425191F4FF600784E1D /* libopencv_flann.dylib */ = {isa = PBXFileReference; lastKnownFileType = "compiled.mach-o.dylib"; name = libopencv_flann.dylib; path = MagicFace/Src/Dependence/OpenCV/lib/Debug/libopencv_flann.dylib; sourceTree = "<group>"; };
		F8475426191F4FF600784E1D /* libopencv_highgui.dylib */ = {isa = PBXFileReference; lastKnownFileType = "compiled.mach-o.dylib"; name = libopencv_highgui.dylib; path = MagicFace/Src/Dependence/OpenCV/lib/Debug/libopencv_highgui.dylib; sourceTree = "<group>"; };
		F8475427191F4FF600784E1D /* libopencv_imgproc.dylib */ = {isa = PBXFileReference; lastKnownFileType = "compiled.mach-o.dylib"; name = libopencv_imgproc.dylib; path = MagicFace/Src/Dependence/OpenCV/lib/Debug/libopencv_imgproc.dylib; sourceTree = "<group>"; };
		F8475428191F4FF600784E1D /* libopencv_video.dylib */ = {isa = PBXFileReference; lastKnownFileType = "compiled.mach-o.dylib"; name = libopencv_video.dylib; path = MagicFace/Src/Dependence/OpenCV/lib/Debug/libopencv_video.dylib; sourceTree = "<group>"; };
		F87040DC1931695A00F72A18 /* BasicImageProcess.cpp */ = {isa = PBXFileReference; fileEncoding = 4; lastKnownFileType = sourcecode.cpp.cpp; name = BasicImageProcess.cpp; path = Src/AppModules/BasicImageProcess.cpp; sourceTree = "<group>"; };
		F87040DD1931695A00F72A18 /* BasicImageProcess.h */ = {isa = PBXFileReference; fileEncoding = 4; lastKnownFileType = sourcecode.c.h; name = BasicImageProcess.h; path = Src/AppModules/BasicImageProcess.h; sourceTree = "<group>"; };
		F87040DE1931695A00F72A18 /* Face2DObj.cpp */ = {isa = PBXFileReference; fileEncoding = 4; lastKnownFileType = sourcecode.cpp.cpp; name = Face2DObj.cpp; path = Src/AppModules/Face2DObj.cpp; sourceTree = "<group>"; };
		F87040DF1931695A00F72A18 /* Face2DObj.h */ = {isa = PBXFileReference; fileEncoding = 4; lastKnownFileType = sourcecode.c.h; name = Face2DObj.h; path = Src/AppModules/Face2DObj.h; sourceTree = "<group>"; };
		F87040E01931695A00F72A18 /* FaceFeaturePoints.cpp */ = {isa = PBXFileReference; fileEncoding = 4; lastKnownFileType = sourcecode.cpp.cpp; name = FaceFeaturePoints.cpp; path = Src/AppModules/FaceFeaturePoints.cpp; sourceTree = "<group>"; };
		F87040E11931695A00F72A18 /* FaceFeaturePoints.h */ = {isa = PBXFileReference; fileEncoding = 4; lastKnownFileType = sourcecode.c.h; name = FaceFeaturePoints.h; path = Src/AppModules/FaceFeaturePoints.h; sourceTree = "<group>"; };
		F870AC3C192CEDA60008AD0E /* MagicObject.cpp */ = {isa = PBXFileReference; fileEncoding = 4; lastKnownFileType = sourcecode.cpp.cpp; name = MagicObject.cpp; path = Src/AppModules/MagicObject.cpp; sourceTree = "<group>"; };
		F870AC3D192CEDA60008AD0E /* MagicObject.h */ = {isa = PBXFileReference; fileEncoding = 4; lastKnownFileType = sourcecode.c.h; name = MagicObject.h; path = Src/AppModules/MagicObject.h; sourceTree = "<group>"; };
		F870AC3F192CEEE50008AD0E /* MagicObjectManager.cpp */ = {isa = PBXFileReference; fileEncoding = 4; lastKnownFileType = sourcecode.cpp.cpp; name = MagicObjectManager.cpp; path = Src/AppModules/MagicObjectManager.cpp; sourceTree = "<group>"; };
		F870AC40192CEEE50008AD0E /* MagicObjectManager.h */ = {isa = PBXFileReference; fileEncoding = 4; lastKnownFileType = sourcecode.c.h; name = MagicObjectManager.h; path = Src/AppModules/MagicObjectManager.h; sourceTree = "<group>"; };
		F8805CA5191F678100FE9A15 /* HomoMatrix3.cpp */ = {isa = PBXFileReference; fileEncoding = 4; lastKnownFileType = sourcecode.cpp.cpp; name = HomoMatrix3.cpp; path = Src/Math/HomoMatrix3.cpp; sourceTree = "<group>"; };
		F8805CA6191F678100FE9A15 /* HomoMatrix3.h */ = {isa = PBXFileReference; fileEncoding = 4; lastKnownFileType = sourcecode.c.h; name = HomoMatrix3.h; path = Src/Math/HomoMatrix3.h; sourceTree = "<group>"; };
		F8805CA7191F678100FE9A15 /* HomoMatrix4.cpp */ = {isa = PBXFileReference; fileEncoding = 4; lastKnownFileType = sourcecode.cpp.cpp; name = HomoMatrix4.cpp; path = Src/Math/HomoMatrix4.cpp; sourceTree = "<group>"; };
		F8805CA8191F678100FE9A15 /* HomoMatrix4.h */ = {isa = PBXFileReference; fileEncoding = 4; lastKnownFileType = sourcecode.c.h; name = HomoMatrix4.h; path = Src/Math/HomoMatrix4.h; sourceTree = "<group>"; };
		F8805CA9191F678100FE9A15 /* HomoVector4.cpp */ = {isa = PBXFileReference; fileEncoding = 4; lastKnownFileType = sourcecode.cpp.cpp; name = HomoVector4.cpp; path = Src/Math/HomoVector4.cpp; sourceTree = "<group>"; };
		F8805CAA191F678100FE9A15 /* HomoVector4.h */ = {isa = PBXFileReference; fileEncoding = 4; lastKnownFileType = sourcecode.c.h; name = HomoVector4.h; path = Src/Math/HomoVector4.h; sourceTree = "<group>"; };
		F8805CAB191F678100FE9A15 /* Vector2.cpp */ = {isa = PBXFileReference; fileEncoding = 4; lastKnownFileType = sourcecode.cpp.cpp; name = Vector2.cpp; path = Src/Math/Vector2.cpp; sourceTree = "<group>"; };
		F8805CAC191F678100FE9A15 /* Vector2.h */ = {isa = PBXFileReference; fileEncoding = 4; lastKnownFileType = sourcecode.c.h; name = Vector2.h; path = Src/Math/Vector2.h; sourceTree = "<group>"; };
		F8805CAD191F678100FE9A15 /* Vector3.cpp */ = {isa = PBXFileReference; fileEncoding = 4; lastKnownFileType = sourcecode.cpp.cpp; name = Vector3.cpp; path = Src/Math/Vector3.cpp; sourceTree = "<group>"; };
		F8805CAE191F678100FE9A15 /* Vector3.h */ = {isa = PBXFileReference; fileEncoding = 4; lastKnownFileType = sourcecode.c.h; name = Vector3.h; path = Src/Math/Vector3.h; sourceTree = "<group>"; };
		F8805CB4191F680B00FE9A15 /* Clustering.cpp */ = {isa = PBXFileReference; fileEncoding = 4; lastKnownFileType = sourcecode.cpp.cpp; name = Clustering.cpp; path = Src/MachineLearning/Clustering.cpp; sourceTree = "<group>"; };
		F8805CB5191F680B00FE9A15 /* Clustering.h */ = {isa = PBXFileReference; fileEncoding = 4; lastKnownFileType = sourcecode.c.h; name = Clustering.h; path = Src/MachineLearning/Clustering.h; sourceTree = "<group>"; };
		F8805CB6191F680B00FE9A15 /* GaussianMixtureModel.cpp */ = {isa = PBXFileReference; fileEncoding = 4; lastKnownFileType = sourcecode.cpp.cpp; name = GaussianMixtureModel.cpp; path = Src/MachineLearning/GaussianMixtureModel.cpp; sourceTree = "<group>"; };
		F8805CB7191F680B00FE9A15 /* GaussianMixtureModel.h */ = {isa = PBXFileReference; fileEncoding = 4; lastKnownFileType = sourcecode.c.h; name = GaussianMixtureModel.h; path = Src/MachineLearning/GaussianMixtureModel.h; sourceTree = "<group>"; };
		F8805CB8191F680B00FE9A15 /* PrincipalComponentAnalysis.cpp */ = {isa = PBXFileReference; fileEncoding = 4; lastKnownFileType = sourcecode.cpp.cpp; name = PrincipalComponentAnalysis.cpp; path = Src/MachineLearning/PrincipalComponentAnalysis.cpp; sourceTree = "<group>"; };
		F8805CB9191F680B00FE9A15 /* PrincipalComponentAnalysis.h */ = {isa = PBXFileReference; fileEncoding = 4; lastKnownFileType = sourcecode.c.h; name = PrincipalComponentAnalysis.h; path = Src/MachineLearning/PrincipalComponentAnalysis.h; sourceTree = "<group>"; };
		F8805CBD191F684E00FE9A15 /* Deformation.cpp */ = {isa = PBXFileReference; fileEncoding = 4; lastKnownFileType = sourcecode.cpp.cpp; name = Deformation.cpp; path = Src/DIP/Deformation.cpp; sourceTree = "<group>"; };
		F8805CBE191F684E00FE9A15 /* Deformation.h */ = {isa = PBXFileReference; fileEncoding = 4; lastKnownFileType = sourcecode.c.h; name = Deformation.h; path = Src/DIP/Deformation.h; sourceTree = "<group>"; };
		F8805CBF191F684E00FE9A15 /* Retargetting.cpp */ = {isa = PBXFileReference; fileEncoding = 4; lastKnownFileType = sourcecode.cpp.cpp; name = Retargetting.cpp; path = Src/DIP/Retargetting.cpp; sourceTree = "<group>"; };
		F8805CC0191F684E00FE9A15 /* Retargetting.h */ = {isa = PBXFileReference; fileEncoding = 4; lastKnownFileType = sourcecode.c.h; name = Retargetting.h; path = Src/DIP/Retargetting.h; sourceTree = "<group>"; };
		F8805CC1191F684E00FE9A15 /* Saliency.cpp */ = {isa = PBXFileReference; fileEncoding = 4; lastKnownFileType = sourcecode.cpp.cpp; name = Saliency.cpp; path = Src/DIP/Saliency.cpp; sourceTree = "<group>"; };
		F8805CC2191F684E00FE9A15 /* Saliency.h */ = {isa = PBXFileReference; fileEncoding = 4; lastKnownFileType = sourcecode.c.h; name = Saliency.h; path = Src/DIP/Saliency.h; sourceTree = "<group>"; };
		F8805CC3191F684E00FE9A15 /* Segmentation.cpp */ = {isa = PBXFileReference; fileEncoding = 4; lastKnownFileType = sourcecode.cpp.cpp; name = Segmentation.cpp; path = Src/DIP/Segmentation.cpp; sourceTree = "<group>"; };
		F8805CC4191F684E00FE9A15 /* Segmentation.h */ = {isa = PBXFileReference; fileEncoding = 4; lastKnownFileType = sourcecode.c.h; name = Segmentation.h; path = Src/DIP/Segmentation.h; sourceTree = "<group>"; };
		F8805CC9191F68A300FE9A15 /* libopencv_calib3d.dylib */ = {isa = PBXFileReference; lastKnownFileType = "compiled.mach-o.dylib"; name = libopencv_calib3d.dylib; path = MagicFace/Src/Dependence/OpenCV/lib/Release/libopencv_calib3d.dylib; sourceTree = "<group>"; };
		F8805CCA191F68A300FE9A15 /* libopencv_core.dylib */ = {isa = PBXFileReference; lastKnownFileType = "compiled.mach-o.dylib"; name = libopencv_core.dylib; path = MagicFace/Src/Dependence/OpenCV/lib/Release/libopencv_core.dylib; sourceTree = "<group>"; };
		F8805CCB191F68A300FE9A15 /* libopencv_flann.dylib */ = {isa = PBXFileReference; lastKnownFileType = "compiled.mach-o.dylib"; name = libopencv_flann.dylib; path = MagicFace/Src/Dependence/OpenCV/lib/Release/libopencv_flann.dylib; sourceTree = "<group>"; };
		F8805CCC191F68A300FE9A15 /* libopencv_highgui.dylib */ = {isa = PBXFileReference; lastKnownFileType = "compiled.mach-o.dylib"; name = libopencv_highgui.dylib; path = MagicFace/Src/Dependence/OpenCV/lib/Release/libopencv_highgui.dylib; sourceTree = "<group>"; };
		F8805CCD191F68A300FE9A15 /* libopencv_imgproc.dylib */ = {isa = PBXFileReference; lastKnownFileType = "compiled.mach-o.dylib"; name = libopencv_imgproc.dylib; path = MagicFace/Src/Dependence/OpenCV/lib/Release/libopencv_imgproc.dylib; sourceTree = "<group>"; };
		F8805CCE191F68A300FE9A15 /* libopencv_video.dylib */ = {isa = PBXFileReference; lastKnownFileType = "compiled.mach-o.dylib"; name = libopencv_video.dylib; path = MagicFace/Src/Dependence/OpenCV/lib/Release/libopencv_video.dylib; sourceTree = "<group>"; };
		F88401CD1920F2020022FEEE /* AppBase.h */ = {isa = PBXFileReference; fileEncoding = 4; lastKnownFileType = sourcecode.c.h; name = AppBase.h; path = Src/App/Common/AppBase.h; sourceTree = "<group>"; };
		F88401CE1920F2020022FEEE /* AppBase.m */ = {isa = PBXFileReference; fileEncoding = 4; lastKnownFileType = sourcecode.c.objc; name = AppBase.m; path = Src/App/Common/AppBase.m; sourceTree = "<group>"; };
		F88401CF1920F2020022FEEE /* AppManager.h */ = {isa = PBXFileReference; fileEncoding = 4; lastKnownFileType = sourcecode.c.h; name = AppManager.h; path = Src/App/Common/AppManager.h; sourceTree = "<group>"; };
		F88401D01920F2020022FEEE /* AppManager.m */ = {isa = PBXFileReference; fileEncoding = 4; lastKnownFileType = sourcecode.c.objc; name = AppManager.m; path = Src/App/Common/AppManager.m; sourceTree = "<group>"; };
		F88401D41920F2C90022FEEE /* Face2DApp.h */ = {isa = PBXFileReference; fileEncoding = 4; lastKnownFileType = sourcecode.c.h; name = Face2DApp.h; path = Src/App/Face2D/Face2DApp.h; sourceTree = "<group>"; };
		F88401D51920F2C90022FEEE /* Face2DApp.mm */ = {isa = PBXFileReference; fileEncoding = 4; lastKnownFileType = sourcecode.cpp.objcpp; name = Face2DApp.mm; path = Src/App/Face2D/Face2DApp.mm; sourceTree = "<group>"; };
		F88401D71920F3100022FEEE /* Face2DView.h */ = {isa = PBXFileReference; fileEncoding = 4; lastKnownFileType = sourcecode.c.h; name = Face2DView.h; path = Src/App/Face2D/Face2DView.h; sourceTree = "<group>"; };
		F88401D81920F3100022FEEE /* Face2DView.m */ = {isa = PBXFileReference; fileEncoding = 4; lastKnownFileType = sourcecode.c.objc; name = Face2DView.m; path = Src/App/Face2D/Face2DView.m; sourceTree = "<group>"; };
		F88401DD1920F3900022FEEE /* Face2DController.h */ = {isa = PBXFileReference; fileEncoding = 4; lastKnownFileType = sourcecode.c.h; name = Face2DController.h; path = Src/App/Face2D/Face2DController.h; sourceTree = "<group>"; };
		F88401DE1920F3900022FEEE /* Face2DController.m */ = {isa = PBXFileReference; fileEncoding = 4; lastKnownFileType = sourcecode.c.objc; name = Face2DController.m; path = Src/App/Face2D/Face2DController.m; sourceTree = "<group>"; };
		F891E137191E703800FE7290 /* MagicFace.app */ = {isa = PBXFileReference; explicitFileType = wrapper.application; includeInIndex = 0; path = MagicFace.app; sourceTree = BUILT_PRODUCTS_DIR; };
		F891E13A191E703800FE7290 /* Cocoa.framework */ = {isa = PBXFileReference; lastKnownFileType = wrapper.framework; name = Cocoa.framework; path = System/Library/Frameworks/Cocoa.framework; sourceTree = SDKROOT; };
		F891E13D191E703800FE7290 /* AppKit.framework */ = {isa = PBXFileReference; lastKnownFileType = wrapper.framework; name = AppKit.framework; path = System/Library/Frameworks/AppKit.framework; sourceTree = SDKROOT; };
		F891E13E191E703800FE7290 /* CoreData.framework */ = {isa = PBXFileReference; lastKnownFileType = wrapper.framework; name = CoreData.framework; path = System/Library/Frameworks/CoreData.framework; sourceTree = SDKROOT; };
		F891E13F191E703800FE7290 /* Foundation.framework */ = {isa = PBXFileReference; lastKnownFileType = wrapper.framework; name = Foundation.framework; path = System/Library/Frameworks/Foundation.framework; sourceTree = SDKROOT; };
		F891E142191E703800FE7290 /* MagicFace-Info.plist */ = {isa = PBXFileReference; lastKnownFileType = text.plist.xml; path = "MagicFace-Info.plist"; sourceTree = "<group>"; };
		F891E144191E703800FE7290 /* en */ = {isa = PBXFileReference; lastKnownFileType = text.plist.strings; name = en; path = en.lproj/InfoPlist.strings; sourceTree = "<group>"; };
		F891E146191E703800FE7290 /* main.m */ = {isa = PBXFileReference; lastKnownFileType = sourcecode.c.objc; path = main.m; sourceTree = "<group>"; };
		F891E148191E703800FE7290 /* MagicFace-Prefix.pch */ = {isa = PBXFileReference; lastKnownFileType = sourcecode.c.h; path = "MagicFace-Prefix.pch"; sourceTree = "<group>"; };
		F891E14A191E703800FE7290 /* en */ = {isa = PBXFileReference; lastKnownFileType = text.rtf; name = en; path = en.lproj/Credits.rtf; sourceTree = "<group>"; };
		F891E14C191E703800FE7290 /* AppDelegate.h */ = {isa = PBXFileReference; lastKnownFileType = sourcecode.c.h; path = AppDelegate.h; sourceTree = "<group>"; };
		F891E14D191E703800FE7290 /* AppDelegate.m */ = {isa = PBXFileReference; lastKnownFileType = sourcecode.c.objc; path = AppDelegate.m; sourceTree = "<group>"; };
		F891E150191E703800FE7290 /* Base */ = {isa = PBXFileReference; lastKnownFileType = file.xib; name = Base; path = Base.lproj/MainMenu.xib; sourceTree = "<group>"; };
		F891E152191E703800FE7290 /* Images.xcassets */ = {isa = PBXFileReference; lastKnownFileType = folder.assetcatalog; path = Images.xcassets; sourceTree = "<group>"; };
		F891E158191E703900FE7290 /* MagicFaceTests.xctest */ = {isa = PBXFileReference; explicitFileType = wrapper.cfbundle; includeInIndex = 0; path = MagicFaceTests.xctest; sourceTree = BUILT_PRODUCTS_DIR; };
		F891E159191E703900FE7290 /* XCTest.framework */ = {isa = PBXFileReference; lastKnownFileType = wrapper.framework; name = XCTest.framework; path = Library/Frameworks/XCTest.framework; sourceTree = DEVELOPER_DIR; };
		F891E160191E703900FE7290 /* MagicFaceTests-Info.plist */ = {isa = PBXFileReference; lastKnownFileType = text.plist.xml; path = "MagicFaceTests-Info.plist"; sourceTree = "<group>"; };
		F891E162191E703900FE7290 /* en */ = {isa = PBXFileReference; lastKnownFileType = text.plist.strings; name = en; path = en.lproj/InfoPlist.strings; sourceTree = "<group>"; };
		F891E164191E703900FE7290 /* MagicFaceTests.m */ = {isa = PBXFileReference; lastKnownFileType = sourcecode.c.objc; path = MagicFaceTests.m; sourceTree = "<group>"; };
		F89329D0192A318B00E39243 /* LinearRegression.cpp */ = {isa = PBXFileReference; fileEncoding = 4; lastKnownFileType = sourcecode.cpp.cpp; name = LinearRegression.cpp; path = Src/MachineLearning/LinearRegression.cpp; sourceTree = "<group>"; };
		F89329D1192A318B00E39243 /* LinearRegression.h */ = {isa = PBXFileReference; fileEncoding = 4; lastKnownFileType = sourcecode.c.h; name = LinearRegression.h; path = Src/MachineLearning/LinearRegression.h; sourceTree = "<group>"; };
		F89329D4192A31D700E39243 /* Face2D.cpp */ = {isa = PBXFileReference; fileEncoding = 4; lastKnownFileType = sourcecode.cpp.cpp; name = Face2D.cpp; path = Src/AppModules/Face2D.cpp; sourceTree = "<group>"; };
		F89329D5192A31D700E39243 /* Face2D.h */ = {isa = PBXFileReference; fileEncoding = 4; lastKnownFileType = sourcecode.c.h; name = Face2D.h; path = Src/AppModules/Face2D.h; sourceTree = "<group>"; };
		F8B678EC192BAA9F00B93858 /* MainApp.h */ = {isa = PBXFileReference; fileEncoding = 4; lastKnownFileType = sourcecode.c.h; name = MainApp.h; path = Src/App/MainApp/MainApp.h; sourceTree = "<group>"; };
		F8B678ED192BAA9F00B93858 /* MainApp.m */ = {isa = PBXFileReference; fileEncoding = 4; lastKnownFileType = sourcecode.c.objc; name = MainApp.m; path = Src/App/MainApp/MainApp.m; sourceTree = "<group>"; };
		F8FC9CB0192CC41700516071 /* FeatureDetection.cpp */ = {isa = PBXFileReference; fileEncoding = 4; lastKnownFileType = sourcecode.cpp.cpp; name = FeatureDetection.cpp; path = Src/DIP/FeatureDetection.cpp; sourceTree = "<group>"; };
		F8FC9CB1192CC41700516071 /* FeatureDetection.h */ = {isa = PBXFileReference; fileEncoding = 4; lastKnownFileType = sourcecode.c.h; name = FeatureDetection.h; path = Src/DIP/FeatureDetection.h; sourceTree = "<group>"; };
/* End PBXFileReference section */

/* Begin PBXFrameworksBuildPhase section */
		F891E134191E703800FE7290 /* Frameworks */ = {
			isa = PBXFrameworksBuildPhase;
			buildActionMask = 2147483647;
			files = (
				F8805CCF191F68A300FE9A15 /* libopencv_calib3d.dylib in Frameworks */,
				F8805CD0191F68A300FE9A15 /* libopencv_core.dylib in Frameworks */,
				F8805CD1191F68A300FE9A15 /* libopencv_flann.dylib in Frameworks */,
				F8805CD2191F68A300FE9A15 /* libopencv_highgui.dylib in Frameworks */,
				F8805CD3191F68A300FE9A15 /* libopencv_imgproc.dylib in Frameworks */,
				F8805CD4191F68A300FE9A15 /* libopencv_video.dylib in Frameworks */,
				F891E13B191E703800FE7290 /* Cocoa.framework in Frameworks */,
			);
			runOnlyForDeploymentPostprocessing = 0;
		};
		F891E155191E703900FE7290 /* Frameworks */ = {
			isa = PBXFrameworksBuildPhase;
			buildActionMask = 2147483647;
			files = (
				F891E15B191E703900FE7290 /* Cocoa.framework in Frameworks */,
				F891E15A191E703900FE7290 /* XCTest.framework in Frameworks */,
			);
			runOnlyForDeploymentPostprocessing = 0;
		};
/* End PBXFrameworksBuildPhase section */

/* Begin PBXGroup section */
		F8429F10191F0ADF0079D2B3 /* Tool */ = {
			isa = PBXGroup;
			children = (
				F8429F15191F0B410079D2B3 /* LogSystem.cpp */,
				F8429F16191F0B410079D2B3 /* LogSystem.h */,
			);
			name = Tool;
			sourceTree = "<group>";
		};
		F8429F11191F0AE60079D2B3 /* Math */ = {
			isa = PBXGroup;
			children = (
				F8805CA5191F678100FE9A15 /* HomoMatrix3.cpp */,
				F8805CA6191F678100FE9A15 /* HomoMatrix3.h */,
				F8805CA7191F678100FE9A15 /* HomoMatrix4.cpp */,
				F8805CA8191F678100FE9A15 /* HomoMatrix4.h */,
				F8805CA9191F678100FE9A15 /* HomoVector4.cpp */,
				F8805CAA191F678100FE9A15 /* HomoVector4.h */,
				F8805CAB191F678100FE9A15 /* Vector2.cpp */,
				F8805CAC191F678100FE9A15 /* Vector2.h */,
				F8805CAD191F678100FE9A15 /* Vector3.cpp */,
				F8805CAE191F678100FE9A15 /* Vector3.h */,
			);
			name = Math;
			sourceTree = "<group>";
		};
		F8429F12191F0AEB0079D2B3 /* DIP */ = {
			isa = PBXGroup;
			children = (
				F8FC9CB0192CC41700516071 /* FeatureDetection.cpp */,
				F8FC9CB1192CC41700516071 /* FeatureDetection.h */,
				F8805CBD191F684E00FE9A15 /* Deformation.cpp */,
				F8805CBE191F684E00FE9A15 /* Deformation.h */,
				F8805CBF191F684E00FE9A15 /* Retargetting.cpp */,
				F8805CC0191F684E00FE9A15 /* Retargetting.h */,
				F8805CC1191F684E00FE9A15 /* Saliency.cpp */,
				F8805CC2191F684E00FE9A15 /* Saliency.h */,
				F8805CC3191F684E00FE9A15 /* Segmentation.cpp */,
				F8805CC4191F684E00FE9A15 /* Segmentation.h */,
			);
			name = DIP;
			sourceTree = "<group>";
		};
		F8429F13191F0AF30079D2B3 /* MachineLearning */ = {
			isa = PBXGroup;
			children = (
				F89329D0192A318B00E39243 /* LinearRegression.cpp */,
				F89329D1192A318B00E39243 /* LinearRegression.h */,
				F8805CB4191F680B00FE9A15 /* Clustering.cpp */,
				F8805CB5191F680B00FE9A15 /* Clustering.h */,
				F8805CB6191F680B00FE9A15 /* GaussianMixtureModel.cpp */,
				F8805CB7191F680B00FE9A15 /* GaussianMixtureModel.h */,
				F8805CB8191F680B00FE9A15 /* PrincipalComponentAnalysis.cpp */,
				F8805CB9191F680B00FE9A15 /* PrincipalComponentAnalysis.h */,
			);
			name = MachineLearning;
			sourceTree = "<group>";
		};
		F8429F14191F0B1F0079D2B3 /* Dependence */ = {
			isa = PBXGroup;
			children = (
				F847541C191F49C500784E1D /* Flann */,
				F8429F3C191F0BD40079D2B3 /* GraphCut */,
			);
			name = Dependence;
			sourceTree = "<group>";
		};
		F8429F3C191F0BD40079D2B3 /* GraphCut */ = {
			isa = PBXGroup;
			children = (
				F8429F3D191F0BEC0079D2B3 /* block.h */,
				F8429F3E191F0BEC0079D2B3 /* CHANGES.TXT */,
				F8429F3F191F0BEC0079D2B3 /* graph.cpp */,
				F8429F40191F0BEC0079D2B3 /* graph.h */,
				F8429F41191F0BEC0079D2B3 /* instances.inc */,
				F8429F42191F0BEC0079D2B3 /* maxflow.cpp */,
				F8429F43191F0BEC0079D2B3 /* README.TXT */,
			);
			name = GraphCut;
			sourceTree = "<group>";
		};
		F847541C191F49C500784E1D /* Flann */ = {
			isa = PBXGroup;
			children = (
				F847541D191F49FF00784E1D /* flann_cpp.cpp */,
				F847541E191F49FF00784E1D /* flann.cpp */,
				F847541F191F49FF00784E1D /* flann.h */,
				F8475420191F49FF00784E1D /* flann.hpp */,
			);
			name = Flann;
			sourceTree = "<group>";
		};
		F88401CB1920F1E60022FEEE /* App */ = {
			isa = PBXGroup;
			children = (
				F8B678EB192BAA6D00B93858 /* MainApp */,
				F88401D31920F2510022FEEE /* Face2D */,
				F88401CC1920F1ED0022FEEE /* Common */,
			);
			name = App;
			sourceTree = "<group>";
		};
		F88401CC1920F1ED0022FEEE /* Common */ = {
			isa = PBXGroup;
			children = (
				F88401CD1920F2020022FEEE /* AppBase.h */,
				F88401CE1920F2020022FEEE /* AppBase.m */,
				F88401CF1920F2020022FEEE /* AppManager.h */,
				F88401D01920F2020022FEEE /* AppManager.m */,
			);
			name = Common;
			sourceTree = "<group>";
		};
		F88401D31920F2510022FEEE /* Face2D */ = {
			isa = PBXGroup;
			children = (
				F88401D41920F2C90022FEEE /* Face2DApp.h */,
				F88401D51920F2C90022FEEE /* Face2DApp.mm */,
				F88401D71920F3100022FEEE /* Face2DView.h */,
				F88401D81920F3100022FEEE /* Face2DView.m */,
				F88401DD1920F3900022FEEE /* Face2DController.h */,
				F88401DE1920F3900022FEEE /* Face2DController.m */,
			);
			name = Face2D;
			sourceTree = "<group>";
		};
		F891E12E191E703800FE7290 = {
			isa = PBXGroup;
			children = (
				F891E140191E703800FE7290 /* MagicFace */,
				F891E15E191E703900FE7290 /* MagicFaceTests */,
				F891E139191E703800FE7290 /* Frameworks */,
				F891E138191E703800FE7290 /* Products */,
			);
			sourceTree = "<group>";
		};
		F891E138191E703800FE7290 /* Products */ = {
			isa = PBXGroup;
			children = (
				F891E137191E703800FE7290 /* MagicFace.app */,
				F891E158191E703900FE7290 /* MagicFaceTests.xctest */,
			);
			name = Products;
			sourceTree = "<group>";
		};
		F891E139191E703800FE7290 /* Frameworks */ = {
			isa = PBXGroup;
			children = (
				F8805CC9191F68A300FE9A15 /* libopencv_calib3d.dylib */,
				F8805CCA191F68A300FE9A15 /* libopencv_core.dylib */,
				F8805CCB191F68A300FE9A15 /* libopencv_flann.dylib */,
				F8805CCC191F68A300FE9A15 /* libopencv_highgui.dylib */,
				F8805CCD191F68A300FE9A15 /* libopencv_imgproc.dylib */,
				F8805CCE191F68A300FE9A15 /* libopencv_video.dylib */,
				F8475423191F4FF600784E1D /* libopencv_calib3d.dylib */,
				F8475424191F4FF600784E1D /* libopencv_core.dylib */,
				F8475425191F4FF600784E1D /* libopencv_flann.dylib */,
				F8475426191F4FF600784E1D /* libopencv_highgui.dylib */,
				F8475427191F4FF600784E1D /* libopencv_imgproc.dylib */,
				F8475428191F4FF600784E1D /* libopencv_video.dylib */,
				F891E13A191E703800FE7290 /* Cocoa.framework */,
				F891E159191E703900FE7290 /* XCTest.framework */,
				F891E13C191E703800FE7290 /* Other Frameworks */,
			);
			name = Frameworks;
			sourceTree = "<group>";
		};
		F891E13C191E703800FE7290 /* Other Frameworks */ = {
			isa = PBXGroup;
			children = (
				F891E13D191E703800FE7290 /* AppKit.framework */,
				F891E13E191E703800FE7290 /* CoreData.framework */,
				F891E13F191E703800FE7290 /* Foundation.framework */,
			);
			name = "Other Frameworks";
			sourceTree = "<group>";
		};
		F891E140191E703800FE7290 /* MagicFace */ = {
			isa = PBXGroup;
			children = (
				F89329D3192A31BE00E39243 /* AppModules */,
				F88401CB1920F1E60022FEEE /* App */,
				F8429F14191F0B1F0079D2B3 /* Dependence */,
				F8429F13191F0AF30079D2B3 /* MachineLearning */,
				F8429F12191F0AEB0079D2B3 /* DIP */,
				F8429F11191F0AE60079D2B3 /* Math */,
				F8429F10191F0ADF0079D2B3 /* Tool */,
				F891E14C191E703800FE7290 /* AppDelegate.h */,
				F891E14D191E703800FE7290 /* AppDelegate.m */,
				F891E14F191E703800FE7290 /* MainMenu.xib */,
				F891E152191E703800FE7290 /* Images.xcassets */,
				F891E141191E703800FE7290 /* Supporting Files */,
			);
			path = MagicFace;
			sourceTree = "<group>";
		};
		F891E141191E703800FE7290 /* Supporting Files */ = {
			isa = PBXGroup;
			children = (
				F891E142191E703800FE7290 /* MagicFace-Info.plist */,
				F891E143191E703800FE7290 /* InfoPlist.strings */,
				F891E146191E703800FE7290 /* main.m */,
				F891E148191E703800FE7290 /* MagicFace-Prefix.pch */,
				F891E149191E703800FE7290 /* Credits.rtf */,
			);
			name = "Supporting Files";
			sourceTree = "<group>";
		};
		F891E15E191E703900FE7290 /* MagicFaceTests */ = {
			isa = PBXGroup;
			children = (
				F891E164191E703900FE7290 /* MagicFaceTests.m */,
				F891E15F191E703900FE7290 /* Supporting Files */,
			);
			path = MagicFaceTests;
			sourceTree = "<group>";
		};
		F891E15F191E703900FE7290 /* Supporting Files */ = {
			isa = PBXGroup;
			children = (
				F891E160191E703900FE7290 /* MagicFaceTests-Info.plist */,
				F891E161191E703900FE7290 /* InfoPlist.strings */,
			);
			name = "Supporting Files";
			sourceTree = "<group>";
		};
		F89329D3192A31BE00E39243 /* AppModules */ = {
			isa = PBXGroup;
			children = (
				F87040DC1931695A00F72A18 /* BasicImageProcess.cpp */,
				F87040DD1931695A00F72A18 /* BasicImageProcess.h */,
				F87040DE1931695A00F72A18 /* Face2DObj.cpp */,
				F87040DF1931695A00F72A18 /* Face2DObj.h */,
				F87040E01931695A00F72A18 /* FaceFeaturePoints.cpp */,
				F87040E11931695A00F72A18 /* FaceFeaturePoints.h */,
				F89329D4192A31D700E39243 /* Face2D.cpp */,
				F89329D5192A31D700E39243 /* Face2D.h */,
				F870AC3C192CEDA60008AD0E /* MagicObject.cpp */,
				F870AC3D192CEDA60008AD0E /* MagicObject.h */,
				F870AC3F192CEEE50008AD0E /* MagicObjectManager.cpp */,
				F870AC40192CEEE50008AD0E /* MagicObjectManager.h */,
			);
			name = AppModules;
			sourceTree = "<group>";
		};
		F8B678EB192BAA6D00B93858 /* MainApp */ = {
			isa = PBXGroup;
			children = (
				F8B678EC192BAA9F00B93858 /* MainApp.h */,
				F8B678ED192BAA9F00B93858 /* MainApp.m */,
			);
			name = MainApp;
			sourceTree = "<group>";
		};
/* End PBXGroup section */

/* Begin PBXNativeTarget section */
		F891E136191E703800FE7290 /* MagicFace */ = {
			isa = PBXNativeTarget;
			buildConfigurationList = F891E168191E703900FE7290 /* Build configuration list for PBXNativeTarget "MagicFace" */;
			buildPhases = (
				F891E133191E703800FE7290 /* Sources */,
				F891E134191E703800FE7290 /* Frameworks */,
				F891E135191E703800FE7290 /* Resources */,
			);
			buildRules = (
			);
			dependencies = (
			);
			name = MagicFace;
			productName = MagicFace;
			productReference = F891E137191E703800FE7290 /* MagicFace.app */;
			productType = "com.apple.product-type.application";
		};
		F891E157191E703900FE7290 /* MagicFaceTests */ = {
			isa = PBXNativeTarget;
			buildConfigurationList = F891E16B191E703900FE7290 /* Build configuration list for PBXNativeTarget "MagicFaceTests" */;
			buildPhases = (
				F891E154191E703900FE7290 /* Sources */,
				F891E155191E703900FE7290 /* Frameworks */,
				F891E156191E703900FE7290 /* Resources */,
			);
			buildRules = (
			);
			dependencies = (
				F891E15D191E703900FE7290 /* PBXTargetDependency */,
			);
			name = MagicFaceTests;
			productName = MagicFaceTests;
			productReference = F891E158191E703900FE7290 /* MagicFaceTests.xctest */;
			productType = "com.apple.product-type.bundle.unit-test";
		};
/* End PBXNativeTarget section */

/* Begin PBXProject section */
		F891E12F191E703800FE7290 /* Project object */ = {
			isa = PBXProject;
			attributes = {
				LastUpgradeCheck = 0510;
				ORGANIZATIONNAME = Magic3D;
				TargetAttributes = {
					F891E157191E703900FE7290 = {
						TestTargetID = F891E136191E703800FE7290;
					};
				};
			};
			buildConfigurationList = F891E132191E703800FE7290 /* Build configuration list for PBXProject "MagicFace" */;
			compatibilityVersion = "Xcode 3.2";
			developmentRegion = English;
			hasScannedForEncodings = 0;
			knownRegions = (
				en,
				Base,
			);
			mainGroup = F891E12E191E703800FE7290;
			productRefGroup = F891E138191E703800FE7290 /* Products */;
			projectDirPath = "";
			projectRoot = "";
			targets = (
				F891E136191E703800FE7290 /* MagicFace */,
				F891E157191E703900FE7290 /* MagicFaceTests */,
			);
		};
/* End PBXProject section */

/* Begin PBXResourcesBuildPhase section */
		F891E135191E703800FE7290 /* Resources */ = {
			isa = PBXResourcesBuildPhase;
			buildActionMask = 2147483647;
			files = (
				F8429F48191F0BEC0079D2B3 /* README.TXT in Resources */,
				F891E145191E703800FE7290 /* InfoPlist.strings in Resources */,
				F891E153191E703800FE7290 /* Images.xcassets in Resources */,
				F8429F44191F0BEC0079D2B3 /* CHANGES.TXT in Resources */,
				F891E14B191E703800FE7290 /* Credits.rtf in Resources */,
				F891E151191E703800FE7290 /* MainMenu.xib in Resources */,
			);
			runOnlyForDeploymentPostprocessing = 0;
		};
		F891E156191E703900FE7290 /* Resources */ = {
			isa = PBXResourcesBuildPhase;
			buildActionMask = 2147483647;
			files = (
				F891E163191E703900FE7290 /* InfoPlist.strings in Resources */,
			);
			runOnlyForDeploymentPostprocessing = 0;
		};
/* End PBXResourcesBuildPhase section */

/* Begin PBXSourcesBuildPhase section */
		F891E133191E703800FE7290 /* Sources */ = {
			isa = PBXSourcesBuildPhase;
			buildActionMask = 2147483647;
			files = (
				F8475421191F49FF00784E1D /* flann_cpp.cpp in Sources */,
				F88401D61920F2C90022FEEE /* Face2DApp.mm in Sources */,
				F8805CBB191F680B00FE9A15 /* GaussianMixtureModel.cpp in Sources */,
				F8805CB2191F678100FE9A15 /* Vector2.cpp in Sources */,
				F8475422191F49FF00784E1D /* flann.cpp in Sources */,
				F8805CB3191F678100FE9A15 /* Vector3.cpp in Sources */,
				F8805CB0191F678100FE9A15 /* HomoMatrix4.cpp in Sources */,
				F88401D11920F2020022FEEE /* AppBase.m in Sources */,
				F8805CAF191F678100FE9A15 /* HomoMatrix3.cpp in Sources */,
				F8805CC5191F684E00FE9A15 /* Deformation.cpp in Sources */,
				F87040E21931695A00F72A18 /* BasicImageProcess.cpp in Sources */,
				F8805CB1191F678100FE9A15 /* HomoVector4.cpp in Sources */,
				F89329D2192A318B00E39243 /* LinearRegression.cpp in Sources */,
				F8805CBC191F680B00FE9A15 /* PrincipalComponentAnalysis.cpp in Sources */,
				F870AC41192CEEE50008AD0E /* MagicObjectManager.cpp in Sources */,
				F88401DF1920F3900022FEEE /* Face2DController.m in Sources */,
				F8B678EE192BAA9F00B93858 /* MainApp.m in Sources */,
				F891E14E191E703800FE7290 /* AppDelegate.m in Sources */,
				F87040E41931695A00F72A18 /* FaceFeaturePoints.cpp in Sources */,
				F8805CC8191F684E00FE9A15 /* Segmentation.cpp in Sources */,
				F8805CC6191F684E00FE9A15 /* Retargetting.cpp in Sources */,
				F8805CC7191F684E00FE9A15 /* Saliency.cpp in Sources */,
				F8429F46191F0BEC0079D2B3 /* instances.inc in Sources */,
				F870AC3E192CEDA60008AD0E /* MagicObject.cpp in Sources */,
				F87040E31931695A00F72A18 /* Face2DObj.cpp in Sources */,
				F8429F47191F0BEC0079D2B3 /* maxflow.cpp in Sources */,
				F8429F17191F0B410079D2B3 /* LogSystem.cpp in Sources */,
				F8805CBA191F680B00FE9A15 /* Clustering.cpp in Sources */,
				F88401D21920F2020022FEEE /* AppManager.m in Sources */,
				F891E147191E703800FE7290 /* main.m in Sources */,
				F8FC9CB2192CC41700516071 /* FeatureDetection.cpp in Sources */,
				F8429F45191F0BEC0079D2B3 /* graph.cpp in Sources */,
				F88401D91920F3100022FEEE /* Face2DView.m in Sources */,
				F89329D6192A31D700E39243 /* Face2D.cpp in Sources */,
			);
			runOnlyForDeploymentPostprocessing = 0;
		};
		F891E154191E703900FE7290 /* Sources */ = {
			isa = PBXSourcesBuildPhase;
			buildActionMask = 2147483647;
			files = (
				F891E165191E703900FE7290 /* MagicFaceTests.m in Sources */,
			);
			runOnlyForDeploymentPostprocessing = 0;
		};
/* End PBXSourcesBuildPhase section */

/* Begin PBXTargetDependency section */
		F891E15D191E703900FE7290 /* PBXTargetDependency */ = {
			isa = PBXTargetDependency;
			target = F891E136191E703800FE7290 /* MagicFace */;
			targetProxy = F891E15C191E703900FE7290 /* PBXContainerItemProxy */;
		};
/* End PBXTargetDependency section */

/* Begin PBXVariantGroup section */
		F891E143191E703800FE7290 /* InfoPlist.strings */ = {
			isa = PBXVariantGroup;
			children = (
				F891E144191E703800FE7290 /* en */,
			);
			name = InfoPlist.strings;
			sourceTree = "<group>";
		};
		F891E149191E703800FE7290 /* Credits.rtf */ = {
			isa = PBXVariantGroup;
			children = (
				F891E14A191E703800FE7290 /* en */,
			);
			name = Credits.rtf;
			sourceTree = "<group>";
		};
		F891E14F191E703800FE7290 /* MainMenu.xib */ = {
			isa = PBXVariantGroup;
			children = (
				F891E150191E703800FE7290 /* Base */,
			);
			name = MainMenu.xib;
			sourceTree = "<group>";
		};
		F891E161191E703900FE7290 /* InfoPlist.strings */ = {
			isa = PBXVariantGroup;
			children = (
				F891E162191E703900FE7290 /* en */,
			);
			name = InfoPlist.strings;
			sourceTree = "<group>";
		};
/* End PBXVariantGroup section */

/* Begin XCBuildConfiguration section */
		F891E166191E703900FE7290 /* Debug */ = {
			isa = XCBuildConfiguration;
			buildSettings = {
				ALWAYS_SEARCH_USER_PATHS = NO;
				CLANG_CXX_LANGUAGE_STANDARD = "gnu++0x";
				CLANG_CXX_LIBRARY = "libc++";
				CLANG_ENABLE_MODULES = YES;
				CLANG_ENABLE_OBJC_ARC = YES;
				CLANG_WARN_BOOL_CONVERSION = YES;
				CLANG_WARN_CONSTANT_CONVERSION = YES;
				CLANG_WARN_DIRECT_OBJC_ISA_USAGE = YES_ERROR;
				CLANG_WARN_EMPTY_BODY = YES;
				CLANG_WARN_ENUM_CONVERSION = YES;
				CLANG_WARN_INT_CONVERSION = YES;
				CLANG_WARN_OBJC_ROOT_CLASS = YES_ERROR;
				CLANG_WARN__DUPLICATE_METHOD_MATCH = YES;
				COPY_PHASE_STRIP = NO;
				GCC_C_LANGUAGE_STANDARD = gnu99;
				GCC_DYNAMIC_NO_PIC = NO;
				GCC_ENABLE_OBJC_EXCEPTIONS = YES;
				GCC_OPTIMIZATION_LEVEL = 0;
				GCC_PREPROCESSOR_DEFINITIONS = (
					"DEBUG=1",
					"$(inherited)",
				);
				GCC_SYMBOLS_PRIVATE_EXTERN = NO;
				GCC_WARN_64_TO_32_BIT_CONVERSION = YES;
				GCC_WARN_ABOUT_RETURN_TYPE = YES_ERROR;
				GCC_WARN_UNDECLARED_SELECTOR = YES;
				GCC_WARN_UNINITIALIZED_AUTOS = YES_AGGRESSIVE;
				GCC_WARN_UNUSED_FUNCTION = YES;
				GCC_WARN_UNUSED_VARIABLE = YES;
				HEADER_SEARCH_PATHS = (
					"$(inherited)",
					/Applications/Xcode.app/Contents/Developer/Toolchains/XcodeDefault.xctoolchain/usr/include,
				);
				MACOSX_DEPLOYMENT_TARGET = 10.9;
				ONLY_ACTIVE_ARCH = YES;
				PRELINK_LIBS = "";
				SDKROOT = macosx;
			};
			name = Debug;
		};
		F891E167191E703900FE7290 /* Release */ = {
			isa = XCBuildConfiguration;
			buildSettings = {
				ALWAYS_SEARCH_USER_PATHS = NO;
				CLANG_CXX_LANGUAGE_STANDARD = "gnu++0x";
				CLANG_CXX_LIBRARY = "libc++";
				CLANG_ENABLE_MODULES = YES;
				CLANG_ENABLE_OBJC_ARC = YES;
				CLANG_WARN_BOOL_CONVERSION = YES;
				CLANG_WARN_CONSTANT_CONVERSION = YES;
				CLANG_WARN_DIRECT_OBJC_ISA_USAGE = YES_ERROR;
				CLANG_WARN_EMPTY_BODY = YES;
				CLANG_WARN_ENUM_CONVERSION = YES;
				CLANG_WARN_INT_CONVERSION = YES;
				CLANG_WARN_OBJC_ROOT_CLASS = YES_ERROR;
				CLANG_WARN__DUPLICATE_METHOD_MATCH = YES;
				COPY_PHASE_STRIP = YES;
				DEBUG_INFORMATION_FORMAT = "dwarf-with-dsym";
				ENABLE_NS_ASSERTIONS = NO;
				GCC_C_LANGUAGE_STANDARD = gnu99;
				GCC_ENABLE_OBJC_EXCEPTIONS = YES;
				GCC_WARN_64_TO_32_BIT_CONVERSION = YES;
				GCC_WARN_ABOUT_RETURN_TYPE = YES_ERROR;
				GCC_WARN_UNDECLARED_SELECTOR = YES;
				GCC_WARN_UNINITIALIZED_AUTOS = YES_AGGRESSIVE;
				GCC_WARN_UNUSED_FUNCTION = YES;
				GCC_WARN_UNUSED_VARIABLE = YES;
				HEADER_SEARCH_PATHS = (
					"$(inherited)",
					/Applications/Xcode.app/Contents/Developer/Toolchains/XcodeDefault.xctoolchain/usr/include,
				);
				MACOSX_DEPLOYMENT_TARGET = 10.9;
				SDKROOT = macosx;
			};
			name = Release;
		};
		F891E169191E703900FE7290 /* Debug */ = {
			isa = XCBuildConfiguration;
			buildSettings = {
				ASSETCATALOG_COMPILER_APPICON_NAME = AppIcon;
				CLANG_CXX_LANGUAGE_STANDARD = "compiler-default";
				CLANG_CXX_LIBRARY = "compiler-default";
				COMBINE_HIDPI_IMAGES = YES;
				GCC_PRECOMPILE_PREFIX_HEADER = YES;
				GCC_PREFIX_HEADER = "MagicFace/MagicFace-Prefix.pch";
				HEADER_SEARCH_PATHS = (
					"$(inherited)",
					/Applications/Xcode.app/Contents/Developer/Toolchains/XcodeDefault.xctoolchain/usr/include,
					"./MagicFace/Src/Dependence/Flann1.8.4/**",
					"./MagicFace/Src/Dependence/OpenCV/include/**",
					./MagicFace/Src/Dependence/Eigen3.2.0,
				);
				INFOPLIST_FILE = "MagicFace/MagicFace-Info.plist";
				LD_DYLIB_INSTALL_NAME = "";
				LIBRARY_SEARCH_PATHS = (
					./MagicFace/Src/Dependence/OpenCV/lib/debug,
					"$(PROJECT_DIR)/MagicFace/Src/Dependence/OpenCV/lib/Debug",
					"$(PROJECT_DIR)/MagicFace/Src/Dependence/OpenCV/lib/Release",
				);
				PRODUCT_NAME = "$(TARGET_NAME)";
				WRAPPER_EXTENSION = app;
			};
			name = Debug;
		};
		F891E16A191E703900FE7290 /* Release */ = {
			isa = XCBuildConfiguration;
			buildSettings = {
				ASSETCATALOG_COMPILER_APPICON_NAME = AppIcon;
				CLANG_CXX_LANGUAGE_STANDARD = "compiler-default";
				CLANG_CXX_LIBRARY = "compiler-default";
				COMBINE_HIDPI_IMAGES = YES;
				GCC_PRECOMPILE_PREFIX_HEADER = YES;
				GCC_PREFIX_HEADER = "MagicFace/MagicFace-Prefix.pch";
				HEADER_SEARCH_PATHS = (
					"$(inherited)",
					/Applications/Xcode.app/Contents/Developer/Toolchains/XcodeDefault.xctoolchain/usr/include,
					"./MagicFace/Src/Dependence/Flann1.8.4/**",
					"./MagicFace/Src/Dependence/OpenCV/include/**",
					./MagicFace/Src/Dependence/Eigen3.2.0,
				);
				INFOPLIST_FILE = "MagicFace/MagicFace-Info.plist";
				LIBRARY_SEARCH_PATHS = (
					./MagicFace/Src/Dependence/OpenCV/lib/release,
					"$(PROJECT_DIR)/MagicFace/Src/Dependence/OpenCV/lib/Debug",
					"$(PROJECT_DIR)/MagicFace/Src/Dependence/OpenCV/lib/Release",
				);
				PRODUCT_NAME = "$(TARGET_NAME)";
				WRAPPER_EXTENSION = app;
			};
			name = Release;
		};
		F891E16C191E703900FE7290 /* Debug */ = {
			isa = XCBuildConfiguration;
			buildSettings = {
				BUNDLE_LOADER = "$(BUILT_PRODUCTS_DIR)/MagicFace.app/Contents/MacOS/MagicFace";
				COMBINE_HIDPI_IMAGES = YES;
				FRAMEWORK_SEARCH_PATHS = (
					"$(DEVELOPER_FRAMEWORKS_DIR)",
					"$(inherited)",
				);
				GCC_PRECOMPILE_PREFIX_HEADER = YES;
				GCC_PREFIX_HEADER = "MagicFace/MagicFace-Prefix.pch";
				GCC_PREPROCESSOR_DEFINITIONS = (
					"DEBUG=1",
					"$(inherited)",
				);
				INFOPLIST_FILE = "MagicFaceTests/MagicFaceTests-Info.plist";
				PRODUCT_NAME = "$(TARGET_NAME)";
				TEST_HOST = "$(BUNDLE_LOADER)";
				WRAPPER_EXTENSION = xctest;
			};
			name = Debug;
		};
		F891E16D191E703900FE7290 /* Release */ = {
			isa = XCBuildConfiguration;
			buildSettings = {
				BUNDLE_LOADER = "$(BUILT_PRODUCTS_DIR)/MagicFace.app/Contents/MacOS/MagicFace";
				COMBINE_HIDPI_IMAGES = YES;
				FRAMEWORK_SEARCH_PATHS = (
					"$(DEVELOPER_FRAMEWORKS_DIR)",
					"$(inherited)",
				);
				GCC_PRECOMPILE_PREFIX_HEADER = YES;
				GCC_PREFIX_HEADER = "MagicFace/MagicFace-Prefix.pch";
				INFOPLIST_FILE = "MagicFaceTests/MagicFaceTests-Info.plist";
				PRODUCT_NAME = "$(TARGET_NAME)";
				TEST_HOST = "$(BUNDLE_LOADER)";
				WRAPPER_EXTENSION = xctest;
			};
			name = Release;
		};
/* End XCBuildConfiguration section */

/* Begin XCConfigurationList section */
		F891E132191E703800FE7290 /* Build configuration list for PBXProject "MagicFace" */ = {
			isa = XCConfigurationList;
			buildConfigurations = (
				F891E166191E703900FE7290 /* Debug */,
				F891E167191E703900FE7290 /* Release */,
			);
			defaultConfigurationIsVisible = 0;
			defaultConfigurationName = Release;
		};
		F891E168191E703900FE7290 /* Build configuration list for PBXNativeTarget "MagicFace" */ = {
			isa = XCConfigurationList;
			buildConfigurations = (
				F891E169191E703900FE7290 /* Debug */,
				F891E16A191E703900FE7290 /* Release */,
			);
			defaultConfigurationIsVisible = 0;
			defaultConfigurationName = Release;
		};
		F891E16B191E703900FE7290 /* Build configuration list for PBXNativeTarget "MagicFaceTests" */ = {
			isa = XCConfigurationList;
			buildConfigurations = (
				F891E16C191E703900FE7290 /* Debug */,
				F891E16D191E703900FE7290 /* Release */,
			);
			defaultConfigurationIsVisible = 0;
			defaultConfigurationName = Release;
		};
/* End XCConfigurationList section */
	};
	rootObject = F891E12F191E703800FE7290 /* Project object */;
}
